// !$*UTF8*$!
{
	archiveVersion = 1;
	classes = {
	};
	objectVersion = 51;
	objects = {

/* Begin PBXBuildFile section */
		013186707C085A8DC2E7356C /* Pods_MovieRentalApp.framework in Frameworks */ = {isa = PBXBuildFile; fileRef = BFE9C2220878316DA84AF510 /* Pods_MovieRentalApp.framework */; };
		2AE5556D242B19FF008A6D81 /* AppDelegate.swift in Sources */ = {isa = PBXBuildFile; fileRef = 2AE5556C242B19FF008A6D81 /* AppDelegate.swift */; };
		2AE55571242B19FF008A6D81 /* ViewController.swift in Sources */ = {isa = PBXBuildFile; fileRef = 2AE55570242B19FF008A6D81 /* ViewController.swift */; };
		2AE55576242B1A00008A6D81 /* Assets.xcassets in Resources */ = {isa = PBXBuildFile; fileRef = 2AE55575242B1A00008A6D81 /* Assets.xcassets */; };
		2AE55579242B1A00008A6D81 /* LaunchScreen.storyboard in Resources */ = {isa = PBXBuildFile; fileRef = 2AE55577242B1A00008A6D81 /* LaunchScreen.storyboard */; };
		2AE55584242B1A00008A6D81 /* MovieRentalAppTests.swift in Sources */ = {isa = PBXBuildFile; fileRef = 2AE55583242B1A00008A6D81 /* MovieRentalAppTests.swift */; };
		2AE555A4242B884B008A6D81 /* AsyncImageView.swift in Sources */ = {isa = PBXBuildFile; fileRef = 2AE555A3242B884B008A6D81 /* AsyncImageView.swift */; };
		2AE555A6242CB4B3008A6D81 /* CartManagerProtocol.swift in Sources */ = {isa = PBXBuildFile; fileRef = 2AE555A5242CB4B3008A6D81 /* CartManagerProtocol.swift */; };
		2AE555A8242CB56C008A6D81 /* CartPresenter.swift in Sources */ = {isa = PBXBuildFile; fileRef = 2AE555A7242CB56C008A6D81 /* CartPresenter.swift */; };
		2AE555AB242CB64C008A6D81 /* CartPresenterTest.swift in Sources */ = {isa = PBXBuildFile; fileRef = 2AE555AA242CB64C008A6D81 /* CartPresenterTest.swift */; };
		9BBDDDF5242B5D5300D810AD /* APIManager.swift in Sources */ = {isa = PBXBuildFile; fileRef = 9BBDDDF4242B5D5300D810AD /* APIManager.swift */; };
		9BBDDDF7242B5D5E00D810AD /* JSONManager.swift in Sources */ = {isa = PBXBuildFile; fileRef = 9BBDDDF6242B5D5E00D810AD /* JSONManager.swift */; };
		9BBDDDFA242B5D8400D810AD /* HomeViewController.swift in Sources */ = {isa = PBXBuildFile; fileRef = 9BBDDDF9242B5D8400D810AD /* HomeViewController.swift */; };
		9BBDDDFC242B5DA100D810AD /* HomePresenter.swift in Sources */ = {isa = PBXBuildFile; fileRef = 9BBDDDFB242B5DA100D810AD /* HomePresenter.swift */; };
		9BBDDDFE242B5DEF00D810AD /* HomeViewControllerProtocol.swift in Sources */ = {isa = PBXBuildFile; fileRef = 9BBDDDFD242B5DEF00D810AD /* HomeViewControllerProtocol.swift */; };
		9BBDDE01242B5E3700D810AD /* HomePresenterProtocol.swift in Sources */ = {isa = PBXBuildFile; fileRef = 9BBDDE00242B5E3700D810AD /* HomePresenterProtocol.swift */; };
		9BBDDE04242B604000D810AD /* HomeViewControllerTests.swift in Sources */ = {isa = PBXBuildFile; fileRef = 9BBDDE03242B604000D810AD /* HomeViewControllerTests.swift */; };
		9BBDDE06242B620700D810AD /* MovieModel.swift in Sources */ = {isa = PBXBuildFile; fileRef = 9BBDDE05242B620700D810AD /* MovieModel.swift */; };
		9BBDDE08242B659000D810AD /* HomePresenterTests.swift in Sources */ = {isa = PBXBuildFile; fileRef = 9BBDDE07242B659000D810AD /* HomePresenterTests.swift */; };
		9BBDDE0C242B68D700D810AD /* HomeInteractor.swift in Sources */ = {isa = PBXBuildFile; fileRef = 9BBDDE0B242B68D700D810AD /* HomeInteractor.swift */; };
		9BBDDE0E242B68F000D810AD /* HomeInteractorProtocol.swift in Sources */ = {isa = PBXBuildFile; fileRef = 9BBDDE0D242B68F000D810AD /* HomeInteractorProtocol.swift */; };
		9BDC1966242CB59E009908D8 /* APIManagerTests.swift in Sources */ = {isa = PBXBuildFile; fileRef = 9BDC1965242CB59E009908D8 /* APIManagerTests.swift */; };
		9BDC1967242CC399009908D8 /* SessionUtils.swift in Sources */ = {isa = PBXBuildFile; fileRef = 9BCD86FB242CAC4500B6CACB /* SessionUtils.swift */; };
		9BDC1969242CC3C0009908D8 /* RootRouter.swift in Sources */ = {isa = PBXBuildFile; fileRef = 9BDC1968242CC3C0009908D8 /* RootRouter.swift */; };
		9BDC196A242CC3C9009908D8 /* Configuration.swift in Sources */ = {isa = PBXBuildFile; fileRef = 9BCD86F1242C9C0E00B6CACB /* Configuration.swift */; };
		9BDC196B242CC3D6009908D8 /* UserProfileController.swift in Sources */ = {isa = PBXBuildFile; fileRef = 9BCD86F9242CABD100B6CACB /* UserProfileController.swift */; };
		9BDC196C242CC3E1009908D8 /* Extensions.swift in Sources */ = {isa = PBXBuildFile; fileRef = 9BCD86F6242CA66200B6CACB /* Extensions.swift */; };
		9BDC196D242CC3E5009908D8 /* ViewUtils.swift in Sources */ = {isa = PBXBuildFile; fileRef = 9BCD86F4242C9E3700B6CACB /* ViewUtils.swift */; };
		9BDC1972242CC41B009908D8 /* LoginViewController.swift in Sources */ = {isa = PBXBuildFile; fileRef = 9BDC1971242CC41B009908D8 /* LoginViewController.swift */; };
		9BDC1973242CC446009908D8 /* MovieCell.swift in Sources */ = {isa = PBXBuildFile; fileRef = 2AE555A1242B7643008A6D81 /* MovieCell.swift */; };
		9BDC1974242CC451009908D8 /* AsyncImageView.swift in Sources */ = {isa = PBXBuildFile; fileRef = 2AE555A3242B884B008A6D81 /* AsyncImageView.swift */; };
		B69C9B339F65A9AB99FA7BE1 /* (null) in Frameworks */ = {isa = PBXBuildFile; };
		DBD358DB092EA292299AF308 /* Pods_MovieRentalAppTests.framework in Frameworks */ = {isa = PBXBuildFile; fileRef = B13E10B5DE95D367E5C5E654 /* Pods_MovieRentalAppTests.framework */; };
/* End PBXBuildFile section */

/* Begin PBXContainerItemProxy section */
		2AE55580242B1A00008A6D81 /* PBXContainerItemProxy */ = {
			isa = PBXContainerItemProxy;
			containerPortal = 2AE55561242B19FF008A6D81 /* Project object */;
			proxyType = 1;
			remoteGlobalIDString = 2AE55568242B19FF008A6D81;
			remoteInfo = MovieRentalApp;
		};
/* End PBXContainerItemProxy section */

/* Begin PBXFileReference section */
		08FA8965242E01BBE075543B /* Pods-MovieRentalAppTests.debug.xcconfig */ = {isa = PBXFileReference; includeInIndex = 1; lastKnownFileType = text.xcconfig; name = "Pods-MovieRentalAppTests.debug.xcconfig"; path = "Target Support Files/Pods-MovieRentalAppTests/Pods-MovieRentalAppTests.debug.xcconfig"; sourceTree = "<group>"; };
		2AE55569242B19FF008A6D81 /* MovieRentalApp.app */ = {isa = PBXFileReference; explicitFileType = wrapper.application; includeInIndex = 0; path = MovieRentalApp.app; sourceTree = BUILT_PRODUCTS_DIR; };
		2AE5556C242B19FF008A6D81 /* AppDelegate.swift */ = {isa = PBXFileReference; lastKnownFileType = sourcecode.swift; path = AppDelegate.swift; sourceTree = "<group>"; };
		2AE55570242B19FF008A6D81 /* ViewController.swift */ = {isa = PBXFileReference; lastKnownFileType = sourcecode.swift; path = ViewController.swift; sourceTree = "<group>"; };
		2AE55575242B1A00008A6D81 /* Assets.xcassets */ = {isa = PBXFileReference; lastKnownFileType = folder.assetcatalog; path = Assets.xcassets; sourceTree = "<group>"; };
		2AE55578242B1A00008A6D81 /* Base */ = {isa = PBXFileReference; lastKnownFileType = file.storyboard; name = Base; path = Base.lproj/LaunchScreen.storyboard; sourceTree = "<group>"; };
		2AE5557A242B1A00008A6D81 /* Info.plist */ = {isa = PBXFileReference; lastKnownFileType = text.plist.xml; path = Info.plist; sourceTree = "<group>"; };
		2AE5557F242B1A00008A6D81 /* MovieRentalAppTests.xctest */ = {isa = PBXFileReference; explicitFileType = wrapper.cfbundle; includeInIndex = 0; path = MovieRentalAppTests.xctest; sourceTree = BUILT_PRODUCTS_DIR; };
		2AE55583242B1A00008A6D81 /* MovieRentalAppTests.swift */ = {isa = PBXFileReference; lastKnownFileType = sourcecode.swift; path = MovieRentalAppTests.swift; sourceTree = "<group>"; };
		2AE55585242B1A01008A6D81 /* Info.plist */ = {isa = PBXFileReference; lastKnownFileType = text.plist.xml; path = Info.plist; sourceTree = "<group>"; };
		2AE555A1242B7643008A6D81 /* MovieCell.swift */ = {isa = PBXFileReference; lastKnownFileType = sourcecode.swift; path = MovieCell.swift; sourceTree = "<group>"; };
		2AE555A3242B884B008A6D81 /* AsyncImageView.swift */ = {isa = PBXFileReference; lastKnownFileType = sourcecode.swift; path = AsyncImageView.swift; sourceTree = "<group>"; };
		2AE555A5242CB4B3008A6D81 /* CartManagerProtocol.swift */ = {isa = PBXFileReference; lastKnownFileType = sourcecode.swift; path = CartManagerProtocol.swift; sourceTree = "<group>"; };
		2AE555A7242CB56C008A6D81 /* CartPresenter.swift */ = {isa = PBXFileReference; lastKnownFileType = sourcecode.swift; path = CartPresenter.swift; sourceTree = "<group>"; };
		2AE555AA242CB64C008A6D81 /* CartPresenterTest.swift */ = {isa = PBXFileReference; lastKnownFileType = sourcecode.swift; path = CartPresenterTest.swift; sourceTree = "<group>"; };
		9BBDDDF4242B5D5300D810AD /* APIManager.swift */ = {isa = PBXFileReference; lastKnownFileType = sourcecode.swift; path = APIManager.swift; sourceTree = "<group>"; };
		9BBDDDF6242B5D5E00D810AD /* JSONManager.swift */ = {isa = PBXFileReference; lastKnownFileType = sourcecode.swift; path = JSONManager.swift; sourceTree = "<group>"; };
		9BBDDDF9242B5D8400D810AD /* HomeViewController.swift */ = {isa = PBXFileReference; lastKnownFileType = sourcecode.swift; path = HomeViewController.swift; sourceTree = "<group>"; };
		9BBDDDFB242B5DA100D810AD /* HomePresenter.swift */ = {isa = PBXFileReference; lastKnownFileType = sourcecode.swift; path = HomePresenter.swift; sourceTree = "<group>"; };
		9BBDDDFD242B5DEF00D810AD /* HomeViewControllerProtocol.swift */ = {isa = PBXFileReference; lastKnownFileType = sourcecode.swift; path = HomeViewControllerProtocol.swift; sourceTree = "<group>"; };
		9BBDDE00242B5E3700D810AD /* HomePresenterProtocol.swift */ = {isa = PBXFileReference; lastKnownFileType = sourcecode.swift; path = HomePresenterProtocol.swift; sourceTree = "<group>"; };
		9BBDDE03242B604000D810AD /* HomeViewControllerTests.swift */ = {isa = PBXFileReference; lastKnownFileType = sourcecode.swift; path = HomeViewControllerTests.swift; sourceTree = "<group>"; };
		9BBDDE05242B620700D810AD /* MovieModel.swift */ = {isa = PBXFileReference; lastKnownFileType = sourcecode.swift; path = MovieModel.swift; sourceTree = "<group>"; };
		9BBDDE07242B659000D810AD /* HomePresenterTests.swift */ = {isa = PBXFileReference; lastKnownFileType = sourcecode.swift; path = HomePresenterTests.swift; sourceTree = "<group>"; };
		9BBDDE0B242B68D700D810AD /* HomeInteractor.swift */ = {isa = PBXFileReference; lastKnownFileType = sourcecode.swift; path = HomeInteractor.swift; sourceTree = "<group>"; };
		9BBDDE0D242B68F000D810AD /* HomeInteractorProtocol.swift */ = {isa = PBXFileReference; lastKnownFileType = sourcecode.swift; path = HomeInteractorProtocol.swift; sourceTree = "<group>"; };
		9BCD86F1242C9C0E00B6CACB /* Configuration.swift */ = {isa = PBXFileReference; lastKnownFileType = sourcecode.swift; path = Configuration.swift; sourceTree = "<group>"; };
		9BCD86F4242C9E3700B6CACB /* ViewUtils.swift */ = {isa = PBXFileReference; lastKnownFileType = sourcecode.swift; path = ViewUtils.swift; sourceTree = "<group>"; };
		9BCD86F6242CA66200B6CACB /* Extensions.swift */ = {isa = PBXFileReference; lastKnownFileType = sourcecode.swift; path = Extensions.swift; sourceTree = "<group>"; };
		9BCD86F9242CABD100B6CACB /* UserProfileController.swift */ = {isa = PBXFileReference; lastKnownFileType = sourcecode.swift; path = UserProfileController.swift; sourceTree = "<group>"; };
		9BCD86FB242CAC4500B6CACB /* SessionUtils.swift */ = {isa = PBXFileReference; lastKnownFileType = sourcecode.swift; path = SessionUtils.swift; sourceTree = "<group>"; };
		9BDC1965242CB59E009908D8 /* APIManagerTests.swift */ = {isa = PBXFileReference; lastKnownFileType = sourcecode.swift; path = APIManagerTests.swift; sourceTree = "<group>"; };
		9BDC1968242CC3C0009908D8 /* RootRouter.swift */ = {isa = PBXFileReference; fileEncoding = 4; lastKnownFileType = sourcecode.swift; path = RootRouter.swift; sourceTree = "<group>"; };
		9BDC1971242CC41B009908D8 /* LoginViewController.swift */ = {isa = PBXFileReference; fileEncoding = 4; lastKnownFileType = sourcecode.swift; path = LoginViewController.swift; sourceTree = "<group>"; };
		A7C04E8F314E07FEFA8E7FF9 /* Pods-MovieRentalApp.debug.xcconfig */ = {isa = PBXFileReference; includeInIndex = 1; lastKnownFileType = text.xcconfig; name = "Pods-MovieRentalApp.debug.xcconfig"; path = "Target Support Files/Pods-MovieRentalApp/Pods-MovieRentalApp.debug.xcconfig"; sourceTree = "<group>"; };
		B13E10B5DE95D367E5C5E654 /* Pods_MovieRentalAppTests.framework */ = {isa = PBXFileReference; explicitFileType = wrapper.framework; includeInIndex = 0; path = Pods_MovieRentalAppTests.framework; sourceTree = BUILT_PRODUCTS_DIR; };
		BBA6C4CA3A9CD64BEA5F7C26 /* Pods-MovieRentalApp.release.xcconfig */ = {isa = PBXFileReference; includeInIndex = 1; lastKnownFileType = text.xcconfig; name = "Pods-MovieRentalApp.release.xcconfig"; path = "Target Support Files/Pods-MovieRentalApp/Pods-MovieRentalApp.release.xcconfig"; sourceTree = "<group>"; };
		BFE9C2220878316DA84AF510 /* Pods_MovieRentalApp.framework */ = {isa = PBXFileReference; explicitFileType = wrapper.framework; includeInIndex = 0; path = Pods_MovieRentalApp.framework; sourceTree = BUILT_PRODUCTS_DIR; };
		C3CE581B917F8D7F22947847 /* Pods-MovieRentalApp-MovieRentalAppUITests.release.xcconfig */ = {isa = PBXFileReference; includeInIndex = 1; lastKnownFileType = text.xcconfig; name = "Pods-MovieRentalApp-MovieRentalAppUITests.release.xcconfig"; path = "Target Support Files/Pods-MovieRentalApp-MovieRentalAppUITests/Pods-MovieRentalApp-MovieRentalAppUITests.release.xcconfig"; sourceTree = "<group>"; };
		D1B6384F158B4794FE5E610B /* Pods-MovieRentalAppTests.release.xcconfig */ = {isa = PBXFileReference; includeInIndex = 1; lastKnownFileType = text.xcconfig; name = "Pods-MovieRentalAppTests.release.xcconfig"; path = "Target Support Files/Pods-MovieRentalAppTests/Pods-MovieRentalAppTests.release.xcconfig"; sourceTree = "<group>"; };
/* End PBXFileReference section */

/* Begin PBXFrameworksBuildPhase section */
		2AE55566242B19FF008A6D81 /* Frameworks */ = {
			isa = PBXFrameworksBuildPhase;
			buildActionMask = 2147483647;
			files = (
				013186707C085A8DC2E7356C /* Pods_MovieRentalApp.framework in Frameworks */,
			);
			runOnlyForDeploymentPostprocessing = 0;
		};
		2AE5557C242B1A00008A6D81 /* Frameworks */ = {
			isa = PBXFrameworksBuildPhase;
			buildActionMask = 2147483647;
			files = (
				B69C9B339F65A9AB99FA7BE1 /* (null) in Frameworks */,
				DBD358DB092EA292299AF308 /* Pods_MovieRentalAppTests.framework in Frameworks */,
			);
			runOnlyForDeploymentPostprocessing = 0;
		};
/* End PBXFrameworksBuildPhase section */

/* Begin PBXGroup section */
		0EF1DC4F8CD68A23DFF1CD13 /* Pods */ = {
			isa = PBXGroup;
			children = (
				A7C04E8F314E07FEFA8E7FF9 /* Pods-MovieRentalApp.debug.xcconfig */,
				C3CE581B917F8D7F22947847 /* Pods-MovieRentalApp-MovieRentalAppUITests.release.xcconfig */,
				08FA8965242E01BBE075543B /* Pods-MovieRentalAppTests.debug.xcconfig */,
				BBA6C4CA3A9CD64BEA5F7C26 /* Pods-MovieRentalApp.release.xcconfig */,
				D1B6384F158B4794FE5E610B /* Pods-MovieRentalAppTests.release.xcconfig */,
			);
			path = Pods;
			sourceTree = "<group>";
		};
		2AE55560242B19FF008A6D81 = {
			isa = PBXGroup;
			children = (
				2AE5556B242B19FF008A6D81 /* MovieRentalApp */,
				2AE55582242B1A00008A6D81 /* MovieRentalAppTests */,
				2AE5556A242B19FF008A6D81 /* Products */,
				0EF1DC4F8CD68A23DFF1CD13 /* Pods */,
				CE4535C8AB267233F6CA5C5B /* Frameworks */,
			);
			sourceTree = "<group>";
		};
		2AE5556A242B19FF008A6D81 /* Products */ = {
			isa = PBXGroup;
			children = (
				2AE55569242B19FF008A6D81 /* MovieRentalApp.app */,
				2AE5557F242B1A00008A6D81 /* MovieRentalAppTests.xctest */,
			);
			name = Products;
			sourceTree = "<group>";
		};
		2AE5556B242B19FF008A6D81 /* MovieRentalApp */ = {
			isa = PBXGroup;
			children = (
				9BBDDDF8242B5D7400D810AD /* Models */,
				9BBDDDF3242B5D4400D810AD /* Common */,
				9BBDDDF0242B5D2500D810AD /* HomeScene */,
				9BDC1970242CC41B009908D8 /* LoginScene */,
				9BCD86F8242CABBE00B6CACB /* UserProfileScene */,
				9BCD86F3242C9E2500B6CACB /* Utils */,
				9BDC1968242CC3C0009908D8 /* RootRouter.swift */,
				2AE5556C242B19FF008A6D81 /* AppDelegate.swift */,
				9BCD86F1242C9C0E00B6CACB /* Configuration.swift */,
				2AE55570242B19FF008A6D81 /* ViewController.swift */,
				2AE55575242B1A00008A6D81 /* Assets.xcassets */,
				2AE55577242B1A00008A6D81 /* LaunchScreen.storyboard */,
				2AE5557A242B1A00008A6D81 /* Info.plist */,
			);
			path = MovieRentalApp;
			sourceTree = "<group>";
		};
		2AE55582242B1A00008A6D81 /* MovieRentalAppTests */ = {
			isa = PBXGroup;
			children = (
				2AE555A9242CB636008A6D81 /* CartTests */,
				9BBDDE02242B600600D810AD /* HomeSceneTests */,
				2AE55583242B1A00008A6D81 /* MovieRentalAppTests.swift */,
				2AE55585242B1A01008A6D81 /* Info.plist */,
			);
			path = MovieRentalAppTests;
			sourceTree = "<group>";
		};
		2AE555A0242B7627008A6D81 /* Cells */ = {
			isa = PBXGroup;
			children = (
				2AE555A1242B7643008A6D81 /* MovieCell.swift */,
			);
			path = Cells;
			sourceTree = "<group>";
		};
		2AE555A9242CB636008A6D81 /* CartTests */ = {
			isa = PBXGroup;
			children = (
				2AE555AA242CB64C008A6D81 /* CartPresenterTest.swift */,
			);
			path = CartTests;
			sourceTree = "<group>";
		};
		9BBDDDF0242B5D2500D810AD /* HomeScene */ = {
			isa = PBXGroup;
			children = (
				9BBDDDFF242B5E2300D810AD /* Contracts */,
				9BBDDDF1242B5D3300D810AD /* ViewController */,
				9BBDDDF2242B5D3C00D810AD /* Presenter */,
				9BBDDE0A242B68AE00D810AD /* Interactor */,
			);
			path = HomeScene;
			sourceTree = "<group>";
		};
		9BBDDDF1242B5D3300D810AD /* ViewController */ = {
			isa = PBXGroup;
			children = (
				2AE555A0242B7627008A6D81 /* Cells */,
				9BBDDDF9242B5D8400D810AD /* HomeViewController.swift */,
			);
			path = ViewController;
			sourceTree = "<group>";
		};
		9BBDDDF2242B5D3C00D810AD /* Presenter */ = {
			isa = PBXGroup;
			children = (
				9BBDDDFB242B5DA100D810AD /* HomePresenter.swift */,
				2AE555A7242CB56C008A6D81 /* CartPresenter.swift */,
			);
			path = Presenter;
			sourceTree = "<group>";
		};
		9BBDDDF3242B5D4400D810AD /* Common */ = {
			isa = PBXGroup;
			children = (
				9BBDDDF4242B5D5300D810AD /* APIManager.swift */,
				9BBDDDF6242B5D5E00D810AD /* JSONManager.swift */,
				2AE555A3242B884B008A6D81 /* AsyncImageView.swift */,
			);
			path = Common;
			sourceTree = "<group>";
		};
		9BBDDDF8242B5D7400D810AD /* Models */ = {
			isa = PBXGroup;
			children = (
				9BBDDE05242B620700D810AD /* MovieModel.swift */,
			);
			path = Models;
			sourceTree = "<group>";
		};
		9BBDDDFF242B5E2300D810AD /* Contracts */ = {
			isa = PBXGroup;
			children = (
				9BBDDDFD242B5DEF00D810AD /* HomeViewControllerProtocol.swift */,
				9BBDDE00242B5E3700D810AD /* HomePresenterProtocol.swift */,
				9BBDDE0D242B68F000D810AD /* HomeInteractorProtocol.swift */,
				2AE555A5242CB4B3008A6D81 /* CartManagerProtocol.swift */,
			);
			name = Contracts;
			sourceTree = "<group>";
		};
		9BBDDE02242B600600D810AD /* HomeSceneTests */ = {
			isa = PBXGroup;
			children = (
				9BBDDE03242B604000D810AD /* HomeViewControllerTests.swift */,
				9BBDDE07242B659000D810AD /* HomePresenterTests.swift */,
				9BDC1965242CB59E009908D8 /* APIManagerTests.swift */,
			);
			path = HomeSceneTests;
			sourceTree = "<group>";
		};
		9BBDDE0A242B68AE00D810AD /* Interactor */ = {
			isa = PBXGroup;
			children = (
				9BBDDE0B242B68D700D810AD /* HomeInteractor.swift */,
			);
			path = Interactor;
			sourceTree = "<group>";
		};
		9BCD86F3242C9E2500B6CACB /* Utils */ = {
			isa = PBXGroup;
			children = (
				9BCD86F4242C9E3700B6CACB /* ViewUtils.swift */,
				9BCD86F6242CA66200B6CACB /* Extensions.swift */,
				9BCD86FB242CAC4500B6CACB /* SessionUtils.swift */,
			);
			path = Utils;
			sourceTree = "<group>";
		};
		9BCD86F8242CABBE00B6CACB /* UserProfileScene */ = {
			isa = PBXGroup;
			children = (
				9BCD86F9242CABD100B6CACB /* UserProfileController.swift */,
			);
			path = UserProfileScene;
			sourceTree = "<group>";
		};
		9BDC1970242CC41B009908D8 /* LoginScene */ = {
			isa = PBXGroup;
			children = (
				9BDC1971242CC41B009908D8 /* LoginViewController.swift */,
			);
			path = LoginScene;
			sourceTree = "<group>";
		};
		CE4535C8AB267233F6CA5C5B /* Frameworks */ = {
			isa = PBXGroup;
			children = (
				BFE9C2220878316DA84AF510 /* Pods_MovieRentalApp.framework */,
				B13E10B5DE95D367E5C5E654 /* Pods_MovieRentalAppTests.framework */,
			);
			name = Frameworks;
			sourceTree = "<group>";
		};
/* End PBXGroup section */

/* Begin PBXNativeTarget section */
		2AE55568242B19FF008A6D81 /* MovieRentalApp */ = {
			isa = PBXNativeTarget;
			buildConfigurationList = 2AE55593242B1A01008A6D81 /* Build configuration list for PBXNativeTarget "MovieRentalApp" */;
			buildPhases = (
				4D7C5AC87D324896F501B2BD /* [CP] Check Pods Manifest.lock */,
				2AE55565242B19FF008A6D81 /* Sources */,
				2AE55566242B19FF008A6D81 /* Frameworks */,
				2AE55567242B19FF008A6D81 /* Resources */,
				54AB63666130A5FD2A5BC537 /* [CP] Embed Pods Frameworks */,
				0E0D64303E8B77E078EC1CB6 /* [CP] Copy Pods Resources */,
			);
			buildRules = (
			);
			dependencies = (
			);
			name = MovieRentalApp;
			productName = MovieRentalApp;
			productReference = 2AE55569242B19FF008A6D81 /* MovieRentalApp.app */;
			productType = "com.apple.product-type.application";
		};
		2AE5557E242B1A00008A6D81 /* MovieRentalAppTests */ = {
			isa = PBXNativeTarget;
			buildConfigurationList = 2AE55596242B1A01008A6D81 /* Build configuration list for PBXNativeTarget "MovieRentalAppTests" */;
			buildPhases = (
				8C565313ADB501476063FEB7 /* [CP] Check Pods Manifest.lock */,
				2AE5557B242B1A00008A6D81 /* Sources */,
				2AE5557C242B1A00008A6D81 /* Frameworks */,
				2AE5557D242B1A00008A6D81 /* Resources */,
			);
			buildRules = (
			);
			dependencies = (
				2AE55581242B1A00008A6D81 /* PBXTargetDependency */,
			);
			name = MovieRentalAppTests;
			productName = MovieRentalAppTests;
			productReference = 2AE5557F242B1A00008A6D81 /* MovieRentalAppTests.xctest */;
			productType = "com.apple.product-type.bundle.unit-test";
		};
/* End PBXNativeTarget section */

/* Begin PBXProject section */
		2AE55561242B19FF008A6D81 /* Project object */ = {
			isa = PBXProject;
			attributes = {
				LastSwiftUpdateCheck = 1130;
				LastUpgradeCheck = 1130;
				ORGANIZATIONNAME = "Sarath Chenthamarai";
				TargetAttributes = {
					2AE55568242B19FF008A6D81 = {
						CreatedOnToolsVersion = 11.3.1;
					};
					2AE5557E242B1A00008A6D81 = {
						CreatedOnToolsVersion = 11.3.1;
						TestTargetID = 2AE55568242B19FF008A6D81;
					};
				};
			};
			buildConfigurationList = 2AE55564242B19FF008A6D81 /* Build configuration list for PBXProject "MovieRentalApp" */;
			compatibilityVersion = "Xcode 9.3";
			developmentRegion = en;
			hasScannedForEncodings = 0;
			knownRegions = (
				en,
				Base,
			);
			mainGroup = 2AE55560242B19FF008A6D81;
			productRefGroup = 2AE5556A242B19FF008A6D81 /* Products */;
			projectDirPath = "";
			projectRoot = "";
			targets = (
				2AE55568242B19FF008A6D81 /* MovieRentalApp */,
				2AE5557E242B1A00008A6D81 /* MovieRentalAppTests */,
			);
		};
/* End PBXProject section */

/* Begin PBXResourcesBuildPhase section */
		2AE55567242B19FF008A6D81 /* Resources */ = {
			isa = PBXResourcesBuildPhase;
			buildActionMask = 2147483647;
			files = (
				2AE55579242B1A00008A6D81 /* LaunchScreen.storyboard in Resources */,
				2AE55576242B1A00008A6D81 /* Assets.xcassets in Resources */,
			);
			runOnlyForDeploymentPostprocessing = 0;
		};
		2AE5557D242B1A00008A6D81 /* Resources */ = {
			isa = PBXResourcesBuildPhase;
			buildActionMask = 2147483647;
			files = (
			);
			runOnlyForDeploymentPostprocessing = 0;
		};
/* End PBXResourcesBuildPhase section */

/* Begin PBXShellScriptBuildPhase section */
		0E0D64303E8B77E078EC1CB6 /* [CP] Copy Pods Resources */ = {
			isa = PBXShellScriptBuildPhase;
			buildActionMask = 2147483647;
			files = (
			);
			inputFileListPaths = (
				"${PODS_ROOT}/Target Support Files/Pods-MovieRentalApp/Pods-MovieRentalApp-resources-${CONFIGURATION}-input-files.xcfilelist",
			);
			name = "[CP] Copy Pods Resources";
			outputFileListPaths = (
				"${PODS_ROOT}/Target Support Files/Pods-MovieRentalApp/Pods-MovieRentalApp-resources-${CONFIGURATION}-output-files.xcfilelist",
			);
			runOnlyForDeploymentPostprocessing = 0;
			shellPath = /bin/sh;
			shellScript = "\"${PODS_ROOT}/Target Support Files/Pods-MovieRentalApp/Pods-MovieRentalApp-resources.sh\"\n";
			showEnvVarsInLog = 0;
		};
		4D7C5AC87D324896F501B2BD /* [CP] Check Pods Manifest.lock */ = {
			isa = PBXShellScriptBuildPhase;
			buildActionMask = 2147483647;
			files = (
			);
			inputFileListPaths = (
			);
			inputPaths = (
				"${PODS_PODFILE_DIR_PATH}/Podfile.lock",
				"${PODS_ROOT}/Manifest.lock",
			);
			name = "[CP] Check Pods Manifest.lock";
			outputFileListPaths = (
			);
			outputPaths = (
				"$(DERIVED_FILE_DIR)/Pods-MovieRentalApp-checkManifestLockResult.txt",
			);
			runOnlyForDeploymentPostprocessing = 0;
			shellPath = /bin/sh;
			shellScript = "diff \"${PODS_PODFILE_DIR_PATH}/Podfile.lock\" \"${PODS_ROOT}/Manifest.lock\" > /dev/null\nif [ $? != 0 ] ; then\n    # print error to STDERR\n    echo \"error: The sandbox is not in sync with the Podfile.lock. Run 'pod install' or update your CocoaPods installation.\" >&2\n    exit 1\nfi\n# This output is used by Xcode 'outputs' to avoid re-running this script phase.\necho \"SUCCESS\" > \"${SCRIPT_OUTPUT_FILE_0}\"\n";
			showEnvVarsInLog = 0;
		};
		54AB63666130A5FD2A5BC537 /* [CP] Embed Pods Frameworks */ = {
			isa = PBXShellScriptBuildPhase;
			buildActionMask = 2147483647;
			files = (
			);
			inputFileListPaths = (
				"${PODS_ROOT}/Target Support Files/Pods-MovieRentalApp/Pods-MovieRentalApp-frameworks-${CONFIGURATION}-input-files.xcfilelist",
			);
			name = "[CP] Embed Pods Frameworks";
			outputFileListPaths = (
				"${PODS_ROOT}/Target Support Files/Pods-MovieRentalApp/Pods-MovieRentalApp-frameworks-${CONFIGURATION}-output-files.xcfilelist",
			);
			runOnlyForDeploymentPostprocessing = 0;
			shellPath = /bin/sh;
			shellScript = "\"${PODS_ROOT}/Target Support Files/Pods-MovieRentalApp/Pods-MovieRentalApp-frameworks.sh\"\n";
			showEnvVarsInLog = 0;
		};
		8C565313ADB501476063FEB7 /* [CP] Check Pods Manifest.lock */ = {
			isa = PBXShellScriptBuildPhase;
			buildActionMask = 2147483647;
			files = (
			);
			inputFileListPaths = (
			);
			inputPaths = (
				"${PODS_PODFILE_DIR_PATH}/Podfile.lock",
				"${PODS_ROOT}/Manifest.lock",
			);
			name = "[CP] Check Pods Manifest.lock";
			outputFileListPaths = (
			);
			outputPaths = (
				"$(DERIVED_FILE_DIR)/Pods-MovieRentalAppTests-checkManifestLockResult.txt",
			);
			runOnlyForDeploymentPostprocessing = 0;
			shellPath = /bin/sh;
			shellScript = "diff \"${PODS_PODFILE_DIR_PATH}/Podfile.lock\" \"${PODS_ROOT}/Manifest.lock\" > /dev/null\nif [ $? != 0 ] ; then\n    # print error to STDERR\n    echo \"error: The sandbox is not in sync with the Podfile.lock. Run 'pod install' or update your CocoaPods installation.\" >&2\n    exit 1\nfi\n# This output is used by Xcode 'outputs' to avoid re-running this script phase.\necho \"SUCCESS\" > \"${SCRIPT_OUTPUT_FILE_0}\"\n";
			showEnvVarsInLog = 0;
		};
/* End PBXShellScriptBuildPhase section */

/* Begin PBXSourcesBuildPhase section */
		2AE55565242B19FF008A6D81 /* Sources */ = {
			isa = PBXSourcesBuildPhase;
			buildActionMask = 2147483647;
			files = (
				9BDC1972242CC41B009908D8 /* LoginViewController.swift in Sources */,
				9BBDDE06242B620700D810AD /* MovieModel.swift in Sources */,
				9BBDDDFA242B5D8400D810AD /* HomeViewController.swift in Sources */,
				9BDC1974242CC451009908D8 /* AsyncImageView.swift in Sources */,
				9BDC196A242CC3C9009908D8 /* Configuration.swift in Sources */,
				9BBDDE01242B5E3700D810AD /* HomePresenterProtocol.swift in Sources */,
				9BDC1969242CC3C0009908D8 /* RootRouter.swift in Sources */,
				9BBDDE0C242B68D700D810AD /* HomeInteractor.swift in Sources */,
				9BBDDDF5242B5D5300D810AD /* APIManager.swift in Sources */,
				9BBDDDF7242B5D5E00D810AD /* JSONManager.swift in Sources */,
				9BDC196B242CC3D6009908D8 /* UserProfileController.swift in Sources */,
				9BDC1967242CC399009908D8 /* SessionUtils.swift in Sources */,
				2AE555A6242CB4B3008A6D81 /* CartManagerProtocol.swift in Sources */,
				9BBDDDFC242B5DA100D810AD /* HomePresenter.swift in Sources */,
				9BDC196C242CC3E1009908D8 /* Extensions.swift in Sources */,
				2AE55571242B19FF008A6D81 /* ViewController.swift in Sources */,
				9BDC1973242CC446009908D8 /* MovieCell.swift in Sources */,
				9BBDDE0E242B68F000D810AD /* HomeInteractorProtocol.swift in Sources */,
				2AE555A8242CB56C008A6D81 /* CartPresenter.swift in Sources */,
				2AE555A4242B884B008A6D81 /* AsyncImageView.swift in Sources */,
				9BBDDDFE242B5DEF00D810AD /* HomeViewControllerProtocol.swift in Sources */,
				2AE5556D242B19FF008A6D81 /* AppDelegate.swift in Sources */,
				9BDC196D242CC3E5009908D8 /* ViewUtils.swift in Sources */,
			);
			runOnlyForDeploymentPostprocessing = 0;
		};
		2AE5557B242B1A00008A6D81 /* Sources */ = {
			isa = PBXSourcesBuildPhase;
			buildActionMask = 2147483647;
			files = (
				9BDC1966242CB59E009908D8 /* APIManagerTests.swift in Sources */,
				2AE555AB242CB64C008A6D81 /* CartPresenterTest.swift in Sources */,
				2AE55584242B1A00008A6D81 /* MovieRentalAppTests.swift in Sources */,
				9BBDDE04242B604000D810AD /* HomeViewControllerTests.swift in Sources */,
				9BBDDE08242B659000D810AD /* HomePresenterTests.swift in Sources */,
			);
			runOnlyForDeploymentPostprocessing = 0;
		};
/* End PBXSourcesBuildPhase section */

/* Begin PBXTargetDependency section */
		2AE55581242B1A00008A6D81 /* PBXTargetDependency */ = {
			isa = PBXTargetDependency;
			target = 2AE55568242B19FF008A6D81 /* MovieRentalApp */;
			targetProxy = 2AE55580242B1A00008A6D81 /* PBXContainerItemProxy */;
		};
/* End PBXTargetDependency section */

/* Begin PBXVariantGroup section */
		2AE55577242B1A00008A6D81 /* LaunchScreen.storyboard */ = {
			isa = PBXVariantGroup;
			children = (
				2AE55578242B1A00008A6D81 /* Base */,
			);
			name = LaunchScreen.storyboard;
			sourceTree = "<group>";
		};
/* End PBXVariantGroup section */

/* Begin XCBuildConfiguration section */
		2AE55591242B1A01008A6D81 /* Debug */ = {
			isa = XCBuildConfiguration;
			buildSettings = {
				ALWAYS_SEARCH_USER_PATHS = NO;
				CLANG_ANALYZER_NONNULL = YES;
				CLANG_ANALYZER_NUMBER_OBJECT_CONVERSION = YES_AGGRESSIVE;
				CLANG_CXX_LANGUAGE_STANDARD = "gnu++14";
				CLANG_CXX_LIBRARY = "libc++";
				CLANG_ENABLE_MODULES = YES;
				CLANG_ENABLE_OBJC_ARC = YES;
				CLANG_ENABLE_OBJC_WEAK = YES;
				CLANG_WARN_BLOCK_CAPTURE_AUTORELEASING = YES;
				CLANG_WARN_BOOL_CONVERSION = YES;
				CLANG_WARN_COMMA = YES;
				CLANG_WARN_CONSTANT_CONVERSION = YES;
				CLANG_WARN_DEPRECATED_OBJC_IMPLEMENTATIONS = YES;
				CLANG_WARN_DIRECT_OBJC_ISA_USAGE = YES_ERROR;
				CLANG_WARN_DOCUMENTATION_COMMENTS = YES;
				CLANG_WARN_EMPTY_BODY = YES;
				CLANG_WARN_ENUM_CONVERSION = YES;
				CLANG_WARN_INFINITE_RECURSION = YES;
				CLANG_WARN_INT_CONVERSION = YES;
				CLANG_WARN_NON_LITERAL_NULL_CONVERSION = YES;
				CLANG_WARN_OBJC_IMPLICIT_RETAIN_SELF = YES;
				CLANG_WARN_OBJC_LITERAL_CONVERSION = YES;
				CLANG_WARN_OBJC_ROOT_CLASS = YES_ERROR;
				CLANG_WARN_RANGE_LOOP_ANALYSIS = YES;
				CLANG_WARN_STRICT_PROTOTYPES = YES;
				CLANG_WARN_SUSPICIOUS_MOVE = YES;
				CLANG_WARN_UNGUARDED_AVAILABILITY = YES_AGGRESSIVE;
				CLANG_WARN_UNREACHABLE_CODE = YES;
				CLANG_WARN__DUPLICATE_METHOD_MATCH = YES;
				COPY_PHASE_STRIP = NO;
				DEBUG_INFORMATION_FORMAT = dwarf;
				ENABLE_STRICT_OBJC_MSGSEND = YES;
				ENABLE_TESTABILITY = YES;
				GCC_C_LANGUAGE_STANDARD = gnu11;
				GCC_DYNAMIC_NO_PIC = NO;
				GCC_NO_COMMON_BLOCKS = YES;
				GCC_OPTIMIZATION_LEVEL = 0;
				GCC_PREPROCESSOR_DEFINITIONS = (
					"DEBUG=1",
					"$(inherited)",
				);
				GCC_WARN_64_TO_32_BIT_CONVERSION = YES;
				GCC_WARN_ABOUT_RETURN_TYPE = YES_ERROR;
				GCC_WARN_UNDECLARED_SELECTOR = YES;
				GCC_WARN_UNINITIALIZED_AUTOS = YES_AGGRESSIVE;
				GCC_WARN_UNUSED_FUNCTION = YES;
				GCC_WARN_UNUSED_VARIABLE = YES;
				IPHONEOS_DEPLOYMENT_TARGET = 13.2;
				MTL_ENABLE_DEBUG_INFO = INCLUDE_SOURCE;
				MTL_FAST_MATH = YES;
				ONLY_ACTIVE_ARCH = YES;
				SDKROOT = iphoneos;
				SWIFT_ACTIVE_COMPILATION_CONDITIONS = DEBUG;
				SWIFT_OPTIMIZATION_LEVEL = "-Onone";
			};
			name = Debug;
		};
		2AE55592242B1A01008A6D81 /* Release */ = {
			isa = XCBuildConfiguration;
			buildSettings = {
				ALWAYS_SEARCH_USER_PATHS = NO;
				CLANG_ANALYZER_NONNULL = YES;
				CLANG_ANALYZER_NUMBER_OBJECT_CONVERSION = YES_AGGRESSIVE;
				CLANG_CXX_LANGUAGE_STANDARD = "gnu++14";
				CLANG_CXX_LIBRARY = "libc++";
				CLANG_ENABLE_MODULES = YES;
				CLANG_ENABLE_OBJC_ARC = YES;
				CLANG_ENABLE_OBJC_WEAK = YES;
				CLANG_WARN_BLOCK_CAPTURE_AUTORELEASING = YES;
				CLANG_WARN_BOOL_CONVERSION = YES;
				CLANG_WARN_COMMA = YES;
				CLANG_WARN_CONSTANT_CONVERSION = YES;
				CLANG_WARN_DEPRECATED_OBJC_IMPLEMENTATIONS = YES;
				CLANG_WARN_DIRECT_OBJC_ISA_USAGE = YES_ERROR;
				CLANG_WARN_DOCUMENTATION_COMMENTS = YES;
				CLANG_WARN_EMPTY_BODY = YES;
				CLANG_WARN_ENUM_CONVERSION = YES;
				CLANG_WARN_INFINITE_RECURSION = YES;
				CLANG_WARN_INT_CONVERSION = YES;
				CLANG_WARN_NON_LITERAL_NULL_CONVERSION = YES;
				CLANG_WARN_OBJC_IMPLICIT_RETAIN_SELF = YES;
				CLANG_WARN_OBJC_LITERAL_CONVERSION = YES;
				CLANG_WARN_OBJC_ROOT_CLASS = YES_ERROR;
				CLANG_WARN_RANGE_LOOP_ANALYSIS = YES;
				CLANG_WARN_STRICT_PROTOTYPES = YES;
				CLANG_WARN_SUSPICIOUS_MOVE = YES;
				CLANG_WARN_UNGUARDED_AVAILABILITY = YES_AGGRESSIVE;
				CLANG_WARN_UNREACHABLE_CODE = YES;
				CLANG_WARN__DUPLICATE_METHOD_MATCH = YES;
				COPY_PHASE_STRIP = NO;
				DEBUG_INFORMATION_FORMAT = "dwarf-with-dsym";
				ENABLE_NS_ASSERTIONS = NO;
				ENABLE_STRICT_OBJC_MSGSEND = YES;
				GCC_C_LANGUAGE_STANDARD = gnu11;
				GCC_NO_COMMON_BLOCKS = YES;
				GCC_WARN_64_TO_32_BIT_CONVERSION = YES;
				GCC_WARN_ABOUT_RETURN_TYPE = YES_ERROR;
				GCC_WARN_UNDECLARED_SELECTOR = YES;
				GCC_WARN_UNINITIALIZED_AUTOS = YES_AGGRESSIVE;
				GCC_WARN_UNUSED_FUNCTION = YES;
				GCC_WARN_UNUSED_VARIABLE = YES;
				IPHONEOS_DEPLOYMENT_TARGET = 13.2;
				MTL_ENABLE_DEBUG_INFO = NO;
				MTL_FAST_MATH = YES;
				SDKROOT = iphoneos;
				SWIFT_COMPILATION_MODE = wholemodule;
				SWIFT_OPTIMIZATION_LEVEL = "-O";
				VALIDATE_PRODUCT = YES;
			};
			name = Release;
		};
		2AE55594242B1A01008A6D81 /* Debug */ = {
			isa = XCBuildConfiguration;
			baseConfigurationReference = A7C04E8F314E07FEFA8E7FF9 /* Pods-MovieRentalApp.debug.xcconfig */;
			buildSettings = {
				ASSETCATALOG_COMPILER_APPICON_NAME = AppIcon;
				CODE_SIGN_STYLE = Manual;
				DEVELOPMENT_TEAM = "";
				INFOPLIST_FILE = MovieRentalApp/Info.plist;
				LD_RUNPATH_SEARCH_PATHS = (
					"$(inherited)",
					"@executable_path/Frameworks",
				);
				PRODUCT_BUNDLE_IDENTIFIER = com.thoughtworks.demo.MovieRentalApp;
				PRODUCT_NAME = "$(TARGET_NAME)";
				PROVISIONING_PROFILE_SPECIFIER = "";
				SWIFT_VERSION = 5.0;
				TARGETED_DEVICE_FAMILY = 1;
			};
			name = Debug;
		};
		2AE55595242B1A01008A6D81 /* Release */ = {
			isa = XCBuildConfiguration;
			baseConfigurationReference = BBA6C4CA3A9CD64BEA5F7C26 /* Pods-MovieRentalApp.release.xcconfig */;
			buildSettings = {
				ASSETCATALOG_COMPILER_APPICON_NAME = AppIcon;
				CODE_SIGN_STYLE = Manual;
				DEVELOPMENT_TEAM = "";
				INFOPLIST_FILE = MovieRentalApp/Info.plist;
				LD_RUNPATH_SEARCH_PATHS = (
					"$(inherited)",
					"@executable_path/Frameworks",
				);
				PRODUCT_BUNDLE_IDENTIFIER = com.thoughtworks.demo.MovieRentalApp;
				PRODUCT_NAME = "$(TARGET_NAME)";
				PROVISIONING_PROFILE_SPECIFIER = "";
				SWIFT_VERSION = 5.0;
				TARGETED_DEVICE_FAMILY = 1;
			};
			name = Release;
		};
		2AE55597242B1A01008A6D81 /* Debug */ = {
			isa = XCBuildConfiguration;
			baseConfigurationReference = 08FA8965242E01BBE075543B /* Pods-MovieRentalAppTests.debug.xcconfig */;
			buildSettings = {
				ALWAYS_EMBED_SWIFT_STANDARD_LIBRARIES = YES;
				BUNDLE_LOADER = "$(TEST_HOST)";
				CODE_SIGN_STYLE = Manual;
				DEVELOPMENT_TEAM = "";
				INFOPLIST_FILE = MovieRentalAppTests/Info.plist;
				IPHONEOS_DEPLOYMENT_TARGET = 13.2;
				LD_RUNPATH_SEARCH_PATHS = (
					"$(inherited)",
					"@executable_path/Frameworks",
					"@loader_path/Frameworks",
				);
				PRODUCT_BUNDLE_IDENTIFIER = com.thoughtworks.demo.MovieRentalAppTests;
				PRODUCT_NAME = "$(TARGET_NAME)";
				PROVISIONING_PROFILE_SPECIFIER = "";
				"PROVISIONING_PROFILE_SPECIFIER[sdk=macosx*]" = "";
				SWIFT_VERSION = 5.0;
				TARGETED_DEVICE_FAMILY = "1,2";
				TEST_HOST = "$(BUILT_PRODUCTS_DIR)/MovieRentalApp.app/MovieRentalApp";
			};
			name = Debug;
		};
		2AE55598242B1A01008A6D81 /* Release */ = {
			isa = XCBuildConfiguration;
			baseConfigurationReference = D1B6384F158B4794FE5E610B /* Pods-MovieRentalAppTests.release.xcconfig */;
			buildSettings = {
				ALWAYS_EMBED_SWIFT_STANDARD_LIBRARIES = YES;
				BUNDLE_LOADER = "$(TEST_HOST)";
				CODE_SIGN_STYLE = Manual;
				DEVELOPMENT_TEAM = "";
				INFOPLIST_FILE = MovieRentalAppTests/Info.plist;
				IPHONEOS_DEPLOYMENT_TARGET = 13.2;
				LD_RUNPATH_SEARCH_PATHS = (
					"$(inherited)",
					"@executable_path/Frameworks",
					"@loader_path/Frameworks",
				);
				PRODUCT_BUNDLE_IDENTIFIER = com.thoughtworks.demo.MovieRentalAppTests;
				PRODUCT_NAME = "$(TARGET_NAME)";
				PROVISIONING_PROFILE_SPECIFIER = "";
				"PROVISIONING_PROFILE_SPECIFIER[sdk=macosx*]" = "";
				SWIFT_VERSION = 5.0;
				TARGETED_DEVICE_FAMILY = "1,2";
				TEST_HOST = "$(BUILT_PRODUCTS_DIR)/MovieRentalApp.app/MovieRentalApp";
			};
			name = Release;
		};
/* End XCBuildConfiguration section */

/* Begin XCConfigurationList section */
		2AE55564242B19FF008A6D81 /* Build configuration list for PBXProject "MovieRentalApp" */ = {
			isa = XCConfigurationList;
			buildConfigurations = (
				2AE55591242B1A01008A6D81 /* Debug */,
				2AE55592242B1A01008A6D81 /* Release */,
			);
			defaultConfigurationIsVisible = 0;
			defaultConfigurationName = Release;
		};
		2AE55593242B1A01008A6D81 /* Build configuration list for PBXNativeTarget "MovieRentalApp" */ = {
			isa = XCConfigurationList;
			buildConfigurations = (
				2AE55594242B1A01008A6D81 /* Debug */,
				2AE55595242B1A01008A6D81 /* Release */,
			);
			defaultConfigurationIsVisible = 0;
			defaultConfigurationName = Release;
		};
		2AE55596242B1A01008A6D81 /* Build configuration list for PBXNativeTarget "MovieRentalAppTests" */ = {
			isa = XCConfigurationList;
			buildConfigurations = (
				2AE55597242B1A01008A6D81 /* Debug */,
				2AE55598242B1A01008A6D81 /* Release */,
			);
			defaultConfigurationIsVisible = 0;
			defaultConfigurationName = Release;
		};
/* End XCConfigurationList section */
	};
	rootObject = 2AE55561242B19FF008A6D81 /* Project object */;
}
